
Microsoft Visual Studio Solution File, Format Version 12.00
# Visual Studio Version 17
VisualStudioVersion = 17.13.35919.96 d17.13
MinimumVisualStudioVersion = 10.0.40219.1
Project("{FAE04EC0-301F-11D3-BF4B-00C04F79EFBC}") = "SalesRepManagementSystem", "SalesRepManagementSystem\SalesRepManagementSystem.csproj", "{7155B75D-C2A7-415B-BA92-F393EFE8585D}"
EndProject
Project("{FAE04EC0-301F-11D3-BF4B-00C04F79EFBC}") = "BusinessLayer", "BusinessLayer\BusinessLayer.csproj", "{017BB048-1D67-4751-99A4-DB0D448E7D25}"
EndProject
Project("{FAE04EC0-301F-11D3-BF4B-00C04F79EFBC}") = "DataAccessLayer", "DataAccessLayer\DataAccessLayer.csproj", "{50C0A25E-0237-4D07-A261-75D9787C54F7}"
EndProject
Project("{FAE04EC0-301F-11D3-BF4B-00C04F79EFBC}") = "RepositoryLayer", "RepositoryLayer\RepositoryLayer.csproj", "{B1019E92-0EAE-4884-A5F7-F63BA27C465F}"
EndProject
Project("{FAE04EC0-301F-11D3-BF4B-00C04F79EFBC}") = "BusinessModels", "BusinessModels\BusinessModels.csproj", "{4DD6D74C-CC1A-44D6-94C5-74A5D3742425}"
EndProject
Global
	GlobalSection(SolutionConfigurationPlatforms) = preSolution
		Debug|Any CPU = Debug|Any CPU
		Release|Any CPU = Release|Any CPU
	EndGlobalSection
	GlobalSection(ProjectConfigurationPlatforms) = postSolution
		{7155B75D-C2A7-415B-BA92-F393EFE8585D}.Debug|Any CPU.ActiveCfg = Debug|Any CPU
		{7155B75D-C2A7-415B-BA92-F393EFE8585D}.Debug|Any CPU.Build.0 = Debug|Any CPU
		{7155B75D-C2A7-415B-BA92-F393EFE8585D}.Release|Any CPU.ActiveCfg = Release|Any CPU
		{7155B75D-C2A7-415B-BA92-F393EFE8585D}.Release|Any CPU.Build.0 = Release|Any CPU
		{017BB048-1D67-4751-99A4-DB0D448E7D25}.Debug|Any CPU.ActiveCfg = Debug|Any CPU
		{017BB048-1D67-4751-99A4-DB0D448E7D25}.Debug|Any CPU.Build.0 = Debug|Any CPU
		{017BB048-1D67-4751-99A4-DB0D448E7D25}.Release|Any CPU.ActiveCfg = Release|Any CPU
		{017BB048-1D67-4751-99A4-DB0D448E7D25}.Release|Any CPU.Build.0 = Release|Any CPU
		{50C0A25E-0237-4D07-A261-75D9787C54F7}.Debug|Any CPU.ActiveCfg = Debug|Any CPU
		{50C0A25E-0237-4D07-A261-75D9787C54F7}.Debug|Any CPU.Build.0 = Debug|Any CPU
		{50C0A25E-0237-4D07-A261-75D9787C54F7}.Release|Any CPU.ActiveCfg = Release|Any CPU
		{50C0A25E-0237-4D07-A261-75D9787C54F7}.Release|Any CPU.Build.0 = Release|Any CPU
		{B1019E92-0EAE-4884-A5F7-F63BA27C465F}.Debug|Any CPU.ActiveCfg = Debug|Any CPU
		{B1019E92-0EAE-4884-A5F7-F63BA27C465F}.Debug|Any CPU.Build.0 = Debug|Any CPU
		{B1019E92-0EAE-4884-A5F7-F63BA27C465F}.Release|Any CPU.ActiveCfg = Release|Any CPU
		{B1019E92-0EAE-4884-A5F7-F63BA27C465F}.Release|Any CPU.Build.0 = Release|Any CPU
		{4DD6D74C-CC1A-44D6-94C5-74A5D3742425}.Debug|Any CPU.ActiveCfg = Debug|Any CPU
		{4DD6D74C-CC1A-44D6-94C5-74A5D3742425}.Debug|Any CPU.Build.0 = Debug|Any CPU
		{4DD6D74C-CC1A-44D6-94C5-74A5D3742425}.Release|Any CPU.ActiveCfg = Release|Any CPU
		{4DD6D74C-CC1A-44D6-94C5-74A5D3742425}.Release|Any CPU.Build.0 = Release|Any CPU
	EndGlobalSection
	GlobalSection(SolutionProperties) = preSolution
		HideSolutionNode = FALSE
	EndGlobalSection
	GlobalSection(ExtensibilityGlobals) = postSolution
		SolutionGuid = {FD891B36-CEEC-46CC-BF61-E06A5A1549C3}
	EndGlobalSection
EndGlobal
